
Microsoft Visual Studio Solution File, Format Version 12.00
# Visual Studio 14
VisualStudioVersion = 14.0.23107.0
MinimumVisualStudioVersion = 10.0.40219.1
Project("{FAE04EC0-301F-11D3-BF4B-00C04F79EFBC}") = "LuisTalk", "LuisTalk\LuisTalk.csproj", "{69B63390-7985-458D-8F8B-9B6BB8CF9428}"
EndProject
Project("{FAE04EC0-301F-11D3-BF4B-00C04F79EFBC}") = "ProjectOxford.SpellChecker", "ProjectOxford.SpellChecker\ProjectOxford.SpellChecker.csproj", "{7BA367EC-632D-4B80-AEFC-32F6591D167F}"
EndProject
Project("{FAE04EC0-301F-11D3-BF4B-00C04F79EFBC}") = "ProjectOxford.ComputerVisionApi", "ProjectOxford.ComputerVisionApi\ProjectOxford.ComputerVisionApi.csproj", "{51E2A3FE-FE21-4A2E-AB56-AA3D07E9901A}"
EndProject
Project("{FAE04EC0-301F-11D3-BF4B-00C04F79EFBC}") = "ProjectOxford.EmotionApi", "ProjectOxford.EmotionApi\ProjectOxford.EmotionApi.csproj", "{95CD4FFB-E74B-4D46-B6A1-5E3BD2168366}"
EndProject
Global
	GlobalSection(SolutionConfigurationPlatforms) = preSolution
		CNDebug|Any CPU = CNDebug|Any CPU
		CNDebug|ARM = CNDebug|ARM
		CNDebug|x64 = CNDebug|x64
		CNDebug|x86 = CNDebug|x86
		Debug|Any CPU = Debug|Any CPU
		Debug|ARM = Debug|ARM
		Debug|x64 = Debug|x64
		Debug|x86 = Debug|x86
		Release|Any CPU = Release|Any CPU
		Release|ARM = Release|ARM
		Release|x64 = Release|x64
		Release|x86 = Release|x86
	EndGlobalSection
	GlobalSection(ProjectConfigurationPlatforms) = postSolution
		{69B63390-7985-458D-8F8B-9B6BB8CF9428}.CNDebug|Any CPU.ActiveCfg = Release|x86
		{69B63390-7985-458D-8F8B-9B6BB8CF9428}.CNDebug|Any CPU.Build.0 = Release|x86
		{69B63390-7985-458D-8F8B-9B6BB8CF9428}.CNDebug|Any CPU.Deploy.0 = Release|x86
		{69B63390-7985-458D-8F8B-9B6BB8CF9428}.CNDebug|ARM.ActiveCfg = Debug|ARM
		{69B63390-7985-458D-8F8B-9B6BB8CF9428}.CNDebug|ARM.Build.0 = Debug|ARM
		{69B63390-7985-458D-8F8B-9B6BB8CF9428}.CNDebug|ARM.Deploy.0 = Debug|ARM
		{69B63390-7985-458D-8F8B-9B6BB8CF9428}.CNDebug|x64.ActiveCfg = Debug|x64
		{69B63390-7985-458D-8F8B-9B6BB8CF9428}.CNDebug|x64.Build.0 = Debug|x64
		{69B63390-7985-458D-8F8B-9B6BB8CF9428}.CNDebug|x64.Deploy.0 = Debug|x64
		{69B63390-7985-458D-8F8B-9B6BB8CF9428}.CNDebug|x86.ActiveCfg = Debug|x86
		{69B63390-7985-458D-8F8B-9B6BB8CF9428}.CNDebug|x86.Build.0 = Debug|x86
		{69B63390-7985-458D-8F8B-9B6BB8CF9428}.CNDebug|x86.Deploy.0 = Debug|x86
		{69B63390-7985-458D-8F8B-9B6BB8CF9428}.Debug|Any CPU.ActiveCfg = Debug|x86
		{69B63390-7985-458D-8F8B-9B6BB8CF9428}.Debug|ARM.ActiveCfg = Debug|ARM
		{69B63390-7985-458D-8F8B-9B6BB8CF9428}.Debug|ARM.Build.0 = Debug|ARM
		{69B63390-7985-458D-8F8B-9B6BB8CF9428}.Debug|ARM.Deploy.0 = Debug|ARM
		{69B63390-7985-458D-8F8B-9B6BB8CF9428}.Debug|x64.ActiveCfg = Debug|x64
		{69B63390-7985-458D-8F8B-9B6BB8CF9428}.Debug|x64.Build.0 = Debug|x64
		{69B63390-7985-458D-8F8B-9B6BB8CF9428}.Debug|x64.Deploy.0 = Debug|x64
		{69B63390-7985-458D-8F8B-9B6BB8CF9428}.Debug|x86.ActiveCfg = Debug|x86
		{69B63390-7985-458D-8F8B-9B6BB8CF9428}.Debug|x86.Build.0 = Debug|x86
		{69B63390-7985-458D-8F8B-9B6BB8CF9428}.Debug|x86.Deploy.0 = Debug|x86
		{69B63390-7985-458D-8F8B-9B6BB8CF9428}.Release|Any CPU.ActiveCfg = Release|x86
		{69B63390-7985-458D-8F8B-9B6BB8CF9428}.Release|ARM.ActiveCfg = Release|ARM
		{69B63390-7985-458D-8F8B-9B6BB8CF9428}.Release|ARM.Build.0 = Release|ARM
		{69B63390-7985-458D-8F8B-9B6BB8CF9428}.Release|ARM.Deploy.0 = Release|ARM
		{69B63390-7985-458D-8F8B-9B6BB8CF9428}.Release|x64.ActiveCfg = Release|x64
		{69B63390-7985-458D-8F8B-9B6BB8CF9428}.Release|x64.Build.0 = Release|x64
		{69B63390-7985-458D-8F8B-9B6BB8CF9428}.Release|x64.Deploy.0 = Release|x64
		{69B63390-7985-458D-8F8B-9B6BB8CF9428}.Release|x86.ActiveCfg = Release|x86
		{69B63390-7985-458D-8F8B-9B6BB8CF9428}.Release|x86.Build.0 = Release|x86
		{69B63390-7985-458D-8F8B-9B6BB8CF9428}.Release|x86.Deploy.0 = Release|x86
		{7BA367EC-632D-4B80-AEFC-32F6591D167F}.CNDebug|Any CPU.ActiveCfg = Debug|Any CPU
		{7BA367EC-632D-4B80-AEFC-32F6591D167F}.CNDebug|Any CPU.Build.0 = Debug|Any CPU
		{7BA367EC-632D-4B80-AEFC-32F6591D167F}.CNDebug|ARM.ActiveCfg = Debug|ARM
		{7BA367EC-632D-4B80-AEFC-32F6591D167F}.CNDebug|ARM.Build.0 = Debug|ARM
		{7BA367EC-632D-4B80-AEFC-32F6591D167F}.CNDebug|x64.ActiveCfg = Debug|x64
		{7BA367EC-632D-4B80-AEFC-32F6591D167F}.CNDebug|x64.Build.0 = Debug|x64
		{7BA367EC-632D-4B80-AEFC-32F6591D167F}.CNDebug|x86.ActiveCfg = Debug|x86
		{7BA367EC-632D-4B80-AEFC-32F6591D167F}.CNDebug|x86.Build.0 = Debug|x86
		{7BA367EC-632D-4B80-AEFC-32F6591D167F}.Debug|Any CPU.ActiveCfg = Debug|Any CPU
		{7BA367EC-632D-4B80-AEFC-32F6591D167F}.Debug|Any CPU.Build.0 = Debug|Any CPU
		{7BA367EC-632D-4B80-AEFC-32F6591D167F}.Debug|ARM.ActiveCfg = Debug|ARM
		{7BA367EC-632D-4B80-AEFC-32F6591D167F}.Debug|ARM.Build.0 = Debug|ARM
		{7BA367EC-632D-4B80-AEFC-32F6591D167F}.Debug|x64.ActiveCfg = Debug|x64
		{7BA367EC-632D-4B80-AEFC-32F6591D167F}.Debug|x64.Build.0 = Debug|x64
		{7BA367EC-632D-4B80-AEFC-32F6591D167F}.Debug|x86.ActiveCfg = Debug|x86
		{7BA367EC-632D-4B80-AEFC-32F6591D167F}.Debug|x86.Build.0 = Debug|x86
		{7BA367EC-632D-4B80-AEFC-32F6591D167F}.Release|Any CPU.ActiveCfg = Release|Any CPU
		{7BA367EC-632D-4B80-AEFC-32F6591D167F}.Release|Any CPU.Build.0 = Release|Any CPU
		{7BA367EC-632D-4B80-AEFC-32F6591D167F}.Release|ARM.ActiveCfg = Release|ARM
		{7BA367EC-632D-4B80-AEFC-32F6591D167F}.Release|ARM.Build.0 = Release|ARM
		{7BA367EC-632D-4B80-AEFC-32F6591D167F}.Release|x64.ActiveCfg = Release|x64
		{7BA367EC-632D-4B80-AEFC-32F6591D167F}.Release|x64.Build.0 = Release|x64
		{7BA367EC-632D-4B80-AEFC-32F6591D167F}.Release|x86.ActiveCfg = Release|x86
		{7BA367EC-632D-4B80-AEFC-32F6591D167F}.Release|x86.Build.0 = Release|x86
		{51E2A3FE-FE21-4A2E-AB56-AA3D07E9901A}.CNDebug|Any CPU.ActiveCfg = Debug|Any CPU
		{51E2A3FE-FE21-4A2E-AB56-AA3D07E9901A}.CNDebug|Any CPU.Build.0 = Debug|Any CPU
		{51E2A3FE-FE21-4A2E-AB56-AA3D07E9901A}.CNDebug|ARM.ActiveCfg = Debug|ARM
		{51E2A3FE-FE21-4A2E-AB56-AA3D07E9901A}.CNDebug|ARM.Build.0 = Debug|ARM
		{51E2A3FE-FE21-4A2E-AB56-AA3D07E9901A}.CNDebug|x64.ActiveCfg = Debug|x64
		{51E2A3FE-FE21-4A2E-AB56-AA3D07E9901A}.CNDebug|x64.Build.0 = Debug|x64
		{51E2A3FE-FE21-4A2E-AB56-AA3D07E9901A}.CNDebug|x86.ActiveCfg = Debug|x86
		{51E2A3FE-FE21-4A2E-AB56-AA3D07E9901A}.CNDebug|x86.Build.0 = Debug|x86
		{51E2A3FE-FE21-4A2E-AB56-AA3D07E9901A}.Debug|Any CPU.ActiveCfg = Debug|Any CPU
		{51E2A3FE-FE21-4A2E-AB56-AA3D07E9901A}.Debug|Any CPU.Build.0 = Debug|Any CPU
		{51E2A3FE-FE21-4A2E-AB56-AA3D07E9901A}.Debug|ARM.ActiveCfg = Debug|ARM
		{51E2A3FE-FE21-4A2E-AB56-AA3D07E9901A}.Debug|ARM.Build.0 = Debug|ARM
		{51E2A3FE-FE21-4A2E-AB56-AA3D07E9901A}.Debug|x64.ActiveCfg = Debug|x64
		{51E2A3FE-FE21-4A2E-AB56-AA3D07E9901A}.Debug|x64.Build.0 = Debug|x64
		{51E2A3FE-FE21-4A2E-AB56-AA3D07E9901A}.Debug|x86.ActiveCfg = Debug|x86
		{51E2A3FE-FE21-4A2E-AB56-AA3D07E9901A}.Debug|x86.Build.0 = Debug|x86
		{51E2A3FE-FE21-4A2E-AB56-AA3D07E9901A}.Release|Any CPU.ActiveCfg = Release|Any CPU
		{51E2A3FE-FE21-4A2E-AB56-AA3D07E9901A}.Release|Any CPU.Build.0 = Release|Any CPU
		{51E2A3FE-FE21-4A2E-AB56-AA3D07E9901A}.Release|ARM.ActiveCfg = Release|ARM
		{51E2A3FE-FE21-4A2E-AB56-AA3D07E9901A}.Release|ARM.Build.0 = Release|ARM
		{51E2A3FE-FE21-4A2E-AB56-AA3D07E9901A}.Release|x64.ActiveCfg = Release|x64
		{51E2A3FE-FE21-4A2E-AB56-AA3D07E9901A}.Release|x64.Build.0 = Release|x64
		{51E2A3FE-FE21-4A2E-AB56-AA3D07E9901A}.Release|x86.ActiveCfg = Release|x86
		{51E2A3FE-FE21-4A2E-AB56-AA3D07E9901A}.Release|x86.Build.0 = Release|x86
		{95CD4FFB-E74B-4D46-B6A1-5E3BD2168366}.CNDebug|Any CPU.ActiveCfg = Debug|Any CPU
		{95CD4FFB-E74B-4D46-B6A1-5E3BD2168366}.CNDebug|Any CPU.Build.0 = Debug|Any CPU
		{95CD4FFB-E74B-4D46-B6A1-5E3BD2168366}.CNDebug|ARM.ActiveCfg = Debug|ARM
		{95CD4FFB-E74B-4D46-B6A1-5E3BD2168366}.CNDebug|ARM.Build.0 = Debug|ARM
		{95CD4FFB-E74B-4D46-B6A1-5E3BD2168366}.CNDebug|x64.ActiveCfg = Debug|x64
		{95CD4FFB-E74B-4D46-B6A1-5E3BD2168366}.CNDebug|x64.Build.0 = Debug|x64
		{95CD4FFB-E74B-4D46-B6A1-5E3BD2168366}.CNDebug|x86.ActiveCfg = Debug|x86
		{95CD4FFB-E74B-4D46-B6A1-5E3BD2168366}.CNDebug|x86.Build.0 = Debug|x86
		{95CD4FFB-E74B-4D46-B6A1-5E3BD2168366}.Debug|Any CPU.ActiveCfg = Debug|Any CPU
		{95CD4FFB-E74B-4D46-B6A1-5E3BD2168366}.Debug|Any CPU.Build.0 = Debug|Any CPU
		{95CD4FFB-E74B-4D46-B6A1-5E3BD2168366}.Debug|ARM.ActiveCfg = Debug|ARM
		{95CD4FFB-E74B-4D46-B6A1-5E3BD2168366}.Debug|ARM.Build.0 = Debug|ARM
		{95CD4FFB-E74B-4D46-B6A1-5E3BD2168366}.Debug|x64.ActiveCfg = Debug|x64
		{95CD4FFB-E74B-4D46-B6A1-5E3BD2168366}.Debug|x64.Build.0 = Debug|x64
		{95CD4FFB-E74B-4D46-B6A1-5E3BD2168366}.Debug|x86.ActiveCfg = Debug|x86
		{95CD4FFB-E74B-4D46-B6A1-5E3BD2168366}.Debug|x86.Build.0 = Debug|x86
		{95CD4FFB-E74B-4D46-B6A1-5E3BD2168366}.Release|Any CPU.ActiveCfg = Release|Any CPU
		{95CD4FFB-E74B-4D46-B6A1-5E3BD2168366}.Release|Any CPU.Build.0 = Release|Any CPU
		{95CD4FFB-E74B-4D46-B6A1-5E3BD2168366}.Release|ARM.ActiveCfg = Release|ARM
		{95CD4FFB-E74B-4D46-B6A1-5E3BD2168366}.Release|ARM.Build.0 = Release|ARM
		{95CD4FFB-E74B-4D46-B6A1-5E3BD2168366}.Release|x64.ActiveCfg = Release|x64
		{95CD4FFB-E74B-4D46-B6A1-5E3BD2168366}.Release|x64.Build.0 = Release|x64
		{95CD4FFB-E74B-4D46-B6A1-5E3BD2168366}.Release|x86.ActiveCfg = Release|x86
		{95CD4FFB-E74B-4D46-B6A1-5E3BD2168366}.Release|x86.Build.0 = Release|x86
	EndGlobalSection
	GlobalSection(SolutionProperties) = preSolution
		HideSolutionNode = FALSE
	EndGlobalSection
	GlobalSection(TeamFoundationVersionControl) = preSolution
		SccNumberOfProjects = 5
		SccEnterpriseProvider = {4CA58AB2-18FA-4F8D-95D4-32DDF27D184C}
		SccTeamFoundationServer = https://evgri.visualstudio.com/defaultcollection
		SccLocalPath0 = .
		SccProjectUniqueName1 = LuisTalk\\LuisTalk.csproj
		SccProjectName1 = LuisTalk
		SccLocalPath1 = LuisTalk
		SccProjectUniqueName2 = ProjectOxford.SpellChecker\\ProjectOxford.SpellChecker.csproj
		SccProjectName2 = ProjectOxford.SpellChecker
		SccLocalPath2 = ProjectOxford.SpellChecker
		SccProjectUniqueName3 = ProjectOxford.ComputerVisionApi\\ProjectOxford.ComputerVisionApi.csproj
		SccProjectName3 = ProjectOxford.ComputerVisionApi
		SccLocalPath3 = ProjectOxford.ComputerVisionApi
		SccProjectUniqueName4 = ProjectOxford.EmotionApi\\ProjectOxford.EmotionApi.csproj
		SccProjectName4 = ProjectOxford.EmotionApi
		SccLocalPath4 = ProjectOxford.EmotionApi
	EndGlobalSection
EndGlobal
