
Microsoft Visual Studio Solution File, Format Version 12.00
# Visual Studio 14
VisualStudioVersion = 14.0.25420.1
MinimumVisualStudioVersion = 10.0.40219.1
Project("{FAE04EC0-301F-11D3-BF4B-00C04F79EFBC}") = "LinguisticAnalysis", "LinguisticAnalysis\LinguisticAnalysis.csproj", "{4B19C8C7-C3E6-4DB2-ADA5-D3F7040703ED}"
EndProject
Project("{FAE04EC0-301F-11D3-BF4B-00C04F79EFBC}") = "LinguisticsClient", "ClientLibrary\LinguisticsClient.csproj", "{8388E984-34E1-443D-9F04-D588DC4BBB22}"
EndProject
Global
	GlobalSection(SolutionConfigurationPlatforms) = preSolution
		Debug|Any CPU = Debug|Any CPU
		Release|Any CPU = Release|Any CPU
	EndGlobalSection
	GlobalSection(ProjectConfigurationPlatforms) = postSolution
		{4B19C8C7-C3E6-4DB2-ADA5-D3F7040703ED}.Debug|Any CPU.ActiveCfg = Debug|Any CPU
		{4B19C8C7-C3E6-4DB2-ADA5-D3F7040703ED}.Debug|Any CPU.Build.0 = Debug|Any CPU
		{4B19C8C7-C3E6-4DB2-ADA5-D3F7040703ED}.Release|Any CPU.ActiveCfg = Release|Any CPU
		{4B19C8C7-C3E6-4DB2-ADA5-D3F7040703ED}.Release|Any CPU.Build.0 = Release|Any CPU
		{8388E984-34E1-443D-9F04-D588DC4BBB22}.Debug|Any CPU.ActiveCfg = Debug|Any CPU
		{8388E984-34E1-443D-9F04-D588DC4BBB22}.Debug|Any CPU.Build.0 = Debug|Any CPU
		{8388E984-34E1-443D-9F04-D588DC4BBB22}.Release|Any CPU.ActiveCfg = Release|Any CPU
		{8388E984-34E1-443D-9F04-D588DC4BBB22}.Release|Any CPU.Build.0 = Release|Any CPU
	EndGlobalSection
	GlobalSection(SolutionProperties) = preSolution
		HideSolutionNode = FALSE
	EndGlobalSection
EndGlobal
